
Microsoft Visual Studio Solution File, Format Version 12.00
# Visual Studio for Mac
Project("{FAE04EC0-301F-11D3-BF4B-00C04F79EFBC}") = "Assembly-CSharp", "Assembly-CSharp.csproj", "{A5E39849-4417-B82C-7DF5-AF63466E3649}"
EndProject
Project("{FAE04EC0-301F-11D3-BF4B-00C04F79EFBC}") = "Assembly-CSharp-Editor", "Assembly-CSharp-Editor.csproj", "{7A16D398-1FAE-A7F3-3EB9-8B551211ACAC}"
EndProject
Global
	GlobalSection(SolutionConfigurationPlatforms) = preSolution
		Debug|Any CPU = Debug|Any CPU
		Release|Any CPU = Release|Any CPU
	EndGlobalSection
	GlobalSection(ProjectConfigurationPlatforms) = postSolution
		{A5E39849-4417-B82C-7DF5-AF63466E3649}.Debug|Any CPU.ActiveCfg = Debug|Any CPU
		{A5E39849-4417-B82C-7DF5-AF63466E3649}.Debug|Any CPU.Build.0 = Debug|Any CPU
		{A5E39849-4417-B82C-7DF5-AF63466E3649}.Release|Any CPU.ActiveCfg = Release|Any CPU
		{A5E39849-4417-B82C-7DF5-AF63466E3649}.Release|Any CPU.Build.0 = Release|Any CPU
		{7A16D398-1FAE-A7F3-3EB9-8B551211ACAC}.Debug|Any CPU.ActiveCfg = Debug|Any CPU
		{7A16D398-1FAE-A7F3-3EB9-8B551211ACAC}.Debug|Any CPU.Build.0 = Debug|Any CPU
		{7A16D398-1FAE-A7F3-3EB9-8B551211ACAC}.Release|Any CPU.ActiveCfg = Release|Any CPU
		{7A16D398-1FAE-A7F3-3EB9-8B551211ACAC}.Release|Any CPU.Build.0 = Release|Any CPU
	EndGlobalSection
	GlobalSection(SolutionProperties) = preSolution
		HideSolutionNode = FALSE
	EndGlobalSection
EndGlobal
